
Microsoft Visual Studio Solution File, Format Version 12.00
# Visual Studio Version 17
VisualStudioVersion = 17.7.34024.191
MinimumVisualStudioVersion = 10.0.40219.1
Project("{FAE04EC0-301F-11D3-BF4B-00C04F79EFBC}") = "NumbersGame", "NumbersGame\NumbersGame.csproj", "{8D1F3A92-899D-4A95-B463-6CD37A8BDCBF}"
EndProject
Global
	GlobalSection(SolutionConfigurationPlatforms) = preSolution
		Debug|Any CPU = Debug|Any CPU
		Release|Any CPU = Release|Any CPU
	EndGlobalSection
	GlobalSection(ProjectConfigurationPlatforms) = postSolution
		{8D1F3A92-899D-4A95-B463-6CD37A8BDCBF}.Debug|Any CPU.ActiveCfg = Debug|Any CPU
		{8D1F3A92-899D-4A95-B463-6CD37A8BDCBF}.Debug|Any CPU.Build.0 = Debug|Any CPU
		{8D1F3A92-899D-4A95-B463-6CD37A8BDCBF}.Release|Any CPU.ActiveCfg = Release|Any CPU
		{8D1F3A92-899D-4A95-B463-6CD37A8BDCBF}.Release|Any CPU.Build.0 = Release|Any CPU
	EndGlobalSection
	GlobalSection(SolutionProperties) = preSolution
		HideSolutionNode = FALSE
	EndGlobalSection
	GlobalSection(ExtensibilityGlobals) = postSolution
		SolutionGuid = {613F09E5-E0E2-4A69-BE31-E2C591CE8DC6}
	EndGlobalSection
EndGlobal
